
Microsoft Visual Studio Solution File, Format Version 12.00
# Visual Studio Version 16
VisualStudioVersion = 16.0.30204.135
MinimumVisualStudioVersion = 10.0.40219.1
Project("{FAE04EC0-301F-11D3-BF4B-00C04F79EFBC}") = "ExerciceUpAndDown", "ExerciceUpAndDown\ExerciceUpAndDown.csproj", "{12B9ABCC-8075-4E41-9040-2DA457AB490D}"
EndProject
Global
	GlobalSection(SolutionConfigurationPlatforms) = preSolution
		Debug|Any CPU = Debug|Any CPU
		Release|Any CPU = Release|Any CPU
	EndGlobalSection
	GlobalSection(ProjectConfigurationPlatforms) = postSolution
		{12B9ABCC-8075-4E41-9040-2DA457AB490D}.Debug|Any CPU.ActiveCfg = Debug|Any CPU
		{12B9ABCC-8075-4E41-9040-2DA457AB490D}.Debug|Any CPU.Build.0 = Debug|Any CPU
		{12B9ABCC-8075-4E41-9040-2DA457AB490D}.Release|Any CPU.ActiveCfg = Release|Any CPU
		{12B9ABCC-8075-4E41-9040-2DA457AB490D}.Release|Any CPU.Build.0 = Release|Any CPU
	EndGlobalSection
	GlobalSection(SolutionProperties) = preSolution
		HideSolutionNode = FALSE
	EndGlobalSection
	GlobalSection(ExtensibilityGlobals) = postSolution
		SolutionGuid = {CFC61A3F-91C9-44FA-A170-E9A9A415C2CD}
	EndGlobalSection
EndGlobal
